
Microsoft Visual Studio Solution File, Format Version 12.00
# Visual Studio Version 17
VisualStudioVersion = 17.0.32126.317
MinimumVisualStudioVersion = 10.0.40219.1
Project("{FAE04EC0-301F-11D3-BF4B-00C04F79EFBC}") = "uglifier", "uglifier\uglifier.csproj", "{2E21B235-76CD-4187-8DAB-4F10F3708796}"
EndProject
Project("{FAE04EC0-301F-11D3-BF4B-00C04F79EFBC}") = "UglifierLib", "UglifierLib\UglifierLib.csproj", "{1353C982-5950-45C4-B510-79D1B45ABE5F}"
EndProject
Global
	GlobalSection(SolutionConfigurationPlatforms) = preSolution
		Debug|Any CPU = Debug|Any CPU
		Release|Any CPU = Release|Any CPU
	EndGlobalSection
	GlobalSection(ProjectConfigurationPlatforms) = postSolution
		{2E21B235-76CD-4187-8DAB-4F10F3708796}.Debug|Any CPU.ActiveCfg = Debug|Any CPU
		{2E21B235-76CD-4187-8DAB-4F10F3708796}.Debug|Any CPU.Build.0 = Debug|Any CPU
		{2E21B235-76CD-4187-8DAB-4F10F3708796}.Release|Any CPU.ActiveCfg = Release|Any CPU
		{2E21B235-76CD-4187-8DAB-4F10F3708796}.Release|Any CPU.Build.0 = Release|Any CPU
		{1353C982-5950-45C4-B510-79D1B45ABE5F}.Debug|Any CPU.ActiveCfg = Debug|Any CPU
		{1353C982-5950-45C4-B510-79D1B45ABE5F}.Debug|Any CPU.Build.0 = Debug|Any CPU
		{1353C982-5950-45C4-B510-79D1B45ABE5F}.Release|Any CPU.ActiveCfg = Release|Any CPU
		{1353C982-5950-45C4-B510-79D1B45ABE5F}.Release|Any CPU.Build.0 = Release|Any CPU
	EndGlobalSection
	GlobalSection(SolutionProperties) = preSolution
		HideSolutionNode = FALSE
	EndGlobalSection
	GlobalSection(ExtensibilityGlobals) = postSolution
		SolutionGuid = {78FFAF4E-E46E-4737-B355-C2AFB7C3E160}
	EndGlobalSection
EndGlobal
